
Microsoft Visual Studio Solution File, Format Version 12.00
# Visual Studio Version 16
VisualStudioVersion = 16.0.28803.202
MinimumVisualStudioVersion = 10.0.40219.1
Project("{FAE04EC0-301F-11D3-BF4B-00C04F79EFBC}") = "Parallel Programming", "Parallel Programming\Parallel Programming.csproj", "{A6AA86E3-6BA3-4418-B2A2-425294693D1A}"
EndProject
Project("{FAE04EC0-301F-11D3-BF4B-00C04F79EFBC}") = "Parallel Programming 2", "Parallel Programming 2\Parallel Programming 2.csproj", "{AF2196D6-F1AD-4010-9BF8-77A1115AE2E6}"
EndProject
Global
	GlobalSection(SolutionConfigurationPlatforms) = preSolution
		Debug|Any CPU = Debug|Any CPU
		Release|Any CPU = Release|Any CPU
	EndGlobalSection
	GlobalSection(ProjectConfigurationPlatforms) = postSolution
		{A6AA86E3-6BA3-4418-B2A2-425294693D1A}.Debug|Any CPU.ActiveCfg = Debug|Any CPU
		{A6AA86E3-6BA3-4418-B2A2-425294693D1A}.Debug|Any CPU.Build.0 = Debug|Any CPU
		{A6AA86E3-6BA3-4418-B2A2-425294693D1A}.Release|Any CPU.ActiveCfg = Release|Any CPU
		{A6AA86E3-6BA3-4418-B2A2-425294693D1A}.Release|Any CPU.Build.0 = Release|Any CPU
		{AF2196D6-F1AD-4010-9BF8-77A1115AE2E6}.Debug|Any CPU.ActiveCfg = Debug|Any CPU
		{AF2196D6-F1AD-4010-9BF8-77A1115AE2E6}.Debug|Any CPU.Build.0 = Debug|Any CPU
		{AF2196D6-F1AD-4010-9BF8-77A1115AE2E6}.Release|Any CPU.ActiveCfg = Release|Any CPU
		{AF2196D6-F1AD-4010-9BF8-77A1115AE2E6}.Release|Any CPU.Build.0 = Release|Any CPU
	EndGlobalSection
	GlobalSection(SolutionProperties) = preSolution
		HideSolutionNode = FALSE
	EndGlobalSection
	GlobalSection(ExtensibilityGlobals) = postSolution
		SolutionGuid = {34CCDDC8-E682-4AD5-8519-3215B26998A6}
	EndGlobalSection
EndGlobal
